// !$*UTF8*$!
{
	archiveVersion = 1;
	classes = {
	};
	objectVersion = 77;
	objects = {

/* Begin PBXContainerItemProxy section */
		88DABECC2E12C79A00A8724D /* PBXContainerItemProxy */ = {
			isa = PBXContainerItemProxy;
			containerPortal = 88DABEB32E12C79900A8724D /* Project object */;
			proxyType = 1;
			remoteGlobalIDString = 88DABEBA2E12C79900A8724D;
			remoteInfo = today_salary;
		};
		88DABED62E12C79A00A8724D /* PBXContainerItemProxy */ = {
			isa = PBXContainerItemProxy;
			containerPortal = 88DABEB32E12C79900A8724D /* Project object */;
			proxyType = 1;
			remoteGlobalIDString = 88DABEBA2E12C79900A8724D;
			remoteInfo = today_salary;
		};
/* End PBXContainerItemProxy section */

/* Begin PBXFileReference section */
		88DABEBB2E12C79900A8724D /* today_salary.app */ = {isa = PBXFileReference; explicitFileType = wrapper.application; includeInIndex = 0; path = today_salary.app; sourceTree = BUILT_PRODUCTS_DIR; };
		88DABECB2E12C79A00A8724D /* today_salaryTests.xctest */ = {isa = PBXFileReference; explicitFileType = wrapper.cfbundle; includeInIndex = 0; path = today_salaryTests.xctest; sourceTree = BUILT_PRODUCTS_DIR; };
		88DABED52E12C79A00A8724D /* today_salaryUITests.xctest */ = {isa = PBXFileReference; explicitFileType = wrapper.cfbundle; includeInIndex = 0; path = today_salaryUITests.xctest; sourceTree = BUILT_PRODUCTS_DIR; };
/* End PBXFileReference section */

/* Begin PBXFileSystemSynchronizedRootGroup section */
		88DABEBD2E12C79900A8724D /* today_salary */ = {
			isa = PBXFileSystemSynchronizedRootGroup;
			path = today_salary;
			sourceTree = "<group>";
		};
		88DABECE2E12C79A00A8724D /* today_salaryTests */ = {
			isa = PBXFileSystemSynchronizedRootGroup;
			path = today_salaryTests;
			sourceTree = "<group>";
		};
		88DABED82E12C79A00A8724D /* today_salaryUITests */ = {
			isa = PBXFileSystemSynchronizedRootGroup;
			path = today_salaryUITests;
			sourceTree = "<group>";
		};
/* End PBXFileSystemSynchronizedRootGroup section */

/* Begin PBXFrameworksBuildPhase section */
		88DABEB82E12C79900A8724D /* Frameworks */ = {
			isa = PBXFrameworksBuildPhase;
			buildActionMask = 2147483647;
			files = (
			);
			runOnlyForDeploymentPostprocessing = 0;
		};
		88DABEC82E12C79A00A8724D /* Frameworks */ = {
			isa = PBXFrameworksBuildPhase;
			buildActionMask = 2147483647;
			files = (
			);
			runOnlyForDeploymentPostprocessing = 0;
		};
		88DABED22E12C79A00A8724D /* Frameworks */ = {
			isa = PBXFrameworksBuildPhase;
			buildActionMask = 2147483647;
			files = (
			);
			runOnlyForDeploymentPostprocessing = 0;
		};
/* End PBXFrameworksBuildPhase section */

/* Begin PBXGroup section */
		88DABEB22E12C79900A8724D = {
			isa = PBXGroup;
			children = (
				88DABEBD2E12C79900A8724D /* today_salary */,
				88DABECE2E12C79A00A8724D /* today_salaryTests */,
				88DABED82E12C79A00A8724D /* today_salaryUITests */,
				88DABEBC2E12C79900A8724D /* Products */,
			);
			sourceTree = "<group>";
		};
		88DABEBC2E12C79900A8724D /* Products */ = {
			isa = PBXGroup;
			children = (
				88DABEBB2E12C79900A8724D /* today_salary.app */,
				88DABECB2E12C79A00A8724D /* today_salaryTests.xctest */,
				88DABED52E12C79A00A8724D /* today_salaryUITests.xctest */,
			);
			name = Products;
			sourceTree = "<group>";
		};
/* End PBXGroup section */

/* Begin PBXNativeTarget section */
		88DABEBA2E12C79900A8724D /* today_salary */ = {
			isa = PBXNativeTarget;
			buildConfigurationList = 88DABEDF2E12C79A00A8724D /* Build configuration list for PBXNativeTarget "today_salary" */;
			buildPhases = (
				88DABEB72E12C79900A8724D /* Sources */,
				88DABEB82E12C79900A8724D /* Frameworks */,
				88DABEB92E12C79900A8724D /* Resources */,
			);
			buildRules = (
			);
			dependencies = (
			);
			fileSystemSynchronizedGroups = (
				88DABEBD2E12C79900A8724D /* today_salary */,
			);
			name = today_salary;
			packageProductDependencies = (
			);
			productName = today_salary;
			productReference = 88DABEBB2E12C79900A8724D /* today_salary.app */;
			productType = "com.apple.product-type.application";
		};
		88DABECA2E12C79A00A8724D /* today_salaryTests */ = {
			isa = PBXNativeTarget;
			buildConfigurationList = 88DABEE22E12C79A00A8724D /* Build configuration list for PBXNativeTarget "today_salaryTests" */;
			buildPhases = (
				88DABEC72E12C79A00A8724D /* Sources */,
				88DABEC82E12C79A00A8724D /* Frameworks */,
				88DABEC92E12C79A00A8724D /* Resources */,
			);
			buildRules = (
			);
			dependencies = (
				88DABECD2E12C79A00A8724D /* PBXTargetDependency */,
			);
			fileSystemSynchronizedGroups = (
				88DABECE2E12C79A00A8724D /* today_salaryTests */,
			);
			name = today_salaryTests;
			packageProductDependencies = (
			);
			productName = today_salaryTests;
			productReference = 88DABECB2E12C79A00A8724D /* today_salaryTests.xctest */;
			productType = "com.apple.product-type.bundle.unit-test";
		};
		88DABED42E12C79A00A8724D /* today_salaryUITests */ = {
			isa = PBXNativeTarget;
			buildConfigurationList = 88DABEE52E12C79A00A8724D /* Build configuration list for PBXNativeTarget "today_salaryUITests" */;
			buildPhases = (
				88DABED12E12C79A00A8724D /* Sources */,
				88DABED22E12C79A00A8724D /* Frameworks */,
				88DABED32E12C79A00A8724D /* Resources */,
			);
			buildRules = (
			);
			dependencies = (
				88DABED72E12C79A00A8724D /* PBXTargetDependency */,
			);
			fileSystemSynchronizedGroups = (
				88DABED82E12C79A00A8724D /* today_salaryUITests */,
			);
			name = today_salaryUITests;
			packageProductDependencies = (
			);
			productName = today_salaryUITests;
			productReference = 88DABED52E12C79A00A8724D /* today_salaryUITests.xctest */;
			productType = "com.apple.product-type.bundle.ui-testing";
		};
/* End PBXNativeTarget section */

/* Begin PBXProject section */
		88DABEB32E12C79900A8724D /* Project object */ = {
			isa = PBXProject;
			attributes = {
				BuildIndependentTargetsInParallel = 1;
				LastSwiftUpdateCheck = 1620;
				LastUpgradeCheck = 1620;
				TargetAttributes = {
					88DABEBA2E12C79900A8724D = {
						CreatedOnToolsVersion = 16.2;
					};
					88DABECA2E12C79A00A8724D = {
						CreatedOnToolsVersion = 16.2;
						TestTargetID = 88DABEBA2E12C79900A8724D;
					};
					88DABED42E12C79A00A8724D = {
						CreatedOnToolsVersion = 16.2;
						TestTargetID = 88DABEBA2E12C79900A8724D;
					};
				};
			};
			buildConfigurationList = 88DABEB62E12C79900A8724D /* Build configuration list for PBXProject "today_salary" */;
			developmentRegion = en;
			hasScannedForEncodings = 0;
			knownRegions = (
				en,
				Base,
			);
			mainGroup = 88DABEB22E12C79900A8724D;
			minimizedProjectReferenceProxies = 1;
			preferredProjectObjectVersion = 77;
			productRefGroup = 88DABEBC2E12C79900A8724D /* Products */;
			projectDirPath = "";
			projectRoot = "";
			targets = (
				88DABEBA2E12C79900A8724D /* today_salary */,
				88DABECA2E12C79A00A8724D /* today_salaryTests */,
				88DABED42E12C79A00A8724D /* today_salaryUITests */,
			);
		};
/* End PBXProject section */

/* Begin PBXResourcesBuildPhase section */
		88DABEB92E12C79900A8724D /* Resources */ = {
			isa = PBXResourcesBuildPhase;
			buildActionMask = 2147483647;
			files = (
			);
			runOnlyForDeploymentPostprocessing = 0;
		};
		88DABEC92E12C79A00A8724D /* Resources */ = {
			isa = PBXResourcesBuildPhase;
			buildActionMask = 2147483647;
			files = (
			);
			runOnlyForDeploymentPostprocessing = 0;
		};
		88DABED32E12C79A00A8724D /* Resources */ = {
			isa = PBXResourcesBuildPhase;
			buildActionMask = 2147483647;
			files = (
			);
			runOnlyForDeploymentPostprocessing = 0;
		};
/* End PBXResourcesBuildPhase section */

/* Begin PBXSourcesBuildPhase section */
		88DABEB72E12C79900A8724D /* Sources */ = {
			isa = PBXSourcesBuildPhase;
			buildActionMask = 2147483647;
			files = (
			);
			runOnlyForDeploymentPostprocessing = 0;
		};
		88DABEC72E12C79A00A8724D /* Sources */ = {
			isa = PBXSourcesBuildPhase;
			buildActionMask = 2147483647;
			files = (
			);
			runOnlyForDeploymentPostprocessing = 0;
		};
		88DABED12E12C79A00A8724D /* Sources */ = {
			isa = PBXSourcesBuildPhase;
			buildActionMask = 2147483647;
			files = (
			);
			runOnlyForDeploymentPostprocessing = 0;
		};
/* End PBXSourcesBuildPhase section */

/* Begin PBXTargetDependency section */
		88DABECD2E12C79A00A8724D /* PBXTargetDependency */ = {
			isa = PBXTargetDependency;
			target = 88DABEBA2E12C79900A8724D /* today_salary */;
			targetProxy = 88DABECC2E12C79A00A8724D /* PBXContainerItemProxy */;
		};
		88DABED72E12C79A00A8724D /* PBXTargetDependency */ = {
			isa = PBXTargetDependency;
			target = 88DABEBA2E12C79900A8724D /* today_salary */;
			targetProxy = 88DABED62E12C79A00A8724D /* PBXContainerItemProxy */;
		};
/* End PBXTargetDependency section */

/* Begin XCBuildConfiguration section */
		88DABEDD2E12C79A00A8724D /* Debug */ = {
			isa = XCBuildConfiguration;
			buildSettings = {
				ALWAYS_SEARCH_USER_PATHS = NO;
				ASSETCATALOG_COMPILER_GENERATE_SWIFT_ASSET_SYMBOL_EXTENSIONS = YES;
				CLANG_ANALYZER_NONNULL = YES;
				CLANG_ANALYZER_NUMBER_OBJECT_CONVERSION = YES_AGGRESSIVE;
				CLANG_CXX_LANGUAGE_STANDARD = "gnu++20";
				CLANG_ENABLE_MODULES = YES;
				CLANG_ENABLE_OBJC_ARC = YES;
				CLANG_ENABLE_OBJC_WEAK = YES;
				CLANG_WARN_BLOCK_CAPTURE_AUTORELEASING = YES;
				CLANG_WARN_BOOL_CONVERSION = YES;
				CLANG_WARN_COMMA = YES;
				CLANG_WARN_CONSTANT_CONVERSION = YES;
				CLANG_WARN_DEPRECATED_OBJC_IMPLEMENTATIONS = YES;
				CLANG_WARN_DIRECT_OBJC_ISA_USAGE = YES_ERROR;
				CLANG_WARN_DOCUMENTATION_COMMENTS = YES;
				CLANG_WARN_EMPTY_BODY = YES;
				CLANG_WARN_ENUM_CONVERSION = YES;
				CLANG_WARN_INFINITE_RECURSION = YES;
				CLANG_WARN_INT_CONVERSION = YES;
				CLANG_WARN_NON_LITERAL_NULL_CONVERSION = YES;
				CLANG_WARN_OBJC_IMPLICIT_RETAIN_SELF = YES;
				CLANG_WARN_OBJC_LITERAL_CONVERSION = YES;
				CLANG_WARN_OBJC_ROOT_CLASS = YES_ERROR;
				CLANG_WARN_QUOTED_INCLUDE_IN_FRAMEWORK_HEADER = YES;
				CLANG_WARN_RANGE_LOOP_ANALYSIS = YES;
				CLANG_WARN_STRICT_PROTOTYPES = YES;
				CLANG_WARN_SUSPICIOUS_MOVE = YES;
				CLANG_WARN_UNGUARDED_AVAILABILITY = YES_AGGRESSIVE;
				CLANG_WARN_UNREACHABLE_CODE = YES;
				CLANG_WARN__DUPLICATE_METHOD_MATCH = YES;
				COPY_PHASE_STRIP = NO;
				DEBUG_INFORMATION_FORMAT = dwarf;
				ENABLE_STRICT_OBJC_MSGSEND = YES;
				ENABLE_TESTABILITY = YES;
				ENABLE_USER_SCRIPT_SANDBOXING = YES;
				GCC_C_LANGUAGE_STANDARD = gnu17;
				GCC_DYNAMIC_NO_PIC = NO;
				GCC_NO_COMMON_BLOCKS = YES;
				GCC_OPTIMIZATION_LEVEL = 0;
				GCC_PREPROCESSOR_DEFINITIONS = (
					"DEBUG=1",
					"$(inherited)",
				);
				GCC_WARN_64_TO_32_BIT_CONVERSION = YES;
				GCC_WARN_ABOUT_RETURN_TYPE = YES_ERROR;
				GCC_WARN_UNDECLARED_SELECTOR = YES;
				GCC_WARN_UNINITIALIZED_AUTOS = YES_AGGRESSIVE;
				GCC_WARN_UNUSED_FUNCTION = YES;
				GCC_WARN_UNUSED_VARIABLE = YES;
				IPHONEOS_DEPLOYMENT_TARGET = 18.2;
				LOCALIZATION_PREFERS_STRING_CATALOGS = YES;
				MTL_ENABLE_DEBUG_INFO = INCLUDE_SOURCE;
				MTL_FAST_MATH = YES;
				ONLY_ACTIVE_ARCH = YES;
				SDKROOT = iphoneos;
				SWIFT_ACTIVE_COMPILATION_CONDITIONS = "DEBUG $(inherited)";
				SWIFT_OPTIMIZATION_LEVEL = "-Onone";
			};
			name = Debug;
		};
		88DABEDE2E12C79A00A8724D /* Release */ = {
			isa = XCBuildConfiguration;
			buildSettings = {
				ALWAYS_SEARCH_USER_PATHS = NO;
				ASSETCATALOG_COMPILER_GENERATE_SWIFT_ASSET_SYMBOL_EXTENSIONS = YES;
				CLANG_ANALYZER_NONNULL = YES;
				CLANG_ANALYZER_NUMBER_OBJECT_CONVERSION = YES_AGGRESSIVE;
				CLANG_CXX_LANGUAGE_STANDARD = "gnu++20";
				CLANG_ENABLE_MODULES = YES;
				CLANG_ENABLE_OBJC_ARC = YES;
				CLANG_ENABLE_OBJC_WEAK = YES;
				CLANG_WARN_BLOCK_CAPTURE_AUTORELEASING = YES;
				CLANG_WARN_BOOL_CONVERSION = YES;
				CLANG_WARN_COMMA = YES;
				CLANG_WARN_CONSTANT_CONVERSION = YES;
				CLANG_WARN_DEPRECATED_OBJC_IMPLEMENTATIONS = YES;
				CLANG_WARN_DIRECT_OBJC_ISA_USAGE = YES_ERROR;
				CLANG_WARN_DOCUMENTATION_COMMENTS = YES;
				CLANG_WARN_EMPTY_BODY = YES;
				CLANG_WARN_ENUM_CONVERSION = YES;
				CLANG_WARN_INFINITE_RECURSION = YES;
				CLANG_WARN_INT_CONVERSION = YES;
				CLANG_WARN_NON_LITERAL_NULL_CONVERSION = YES;
				CLANG_WARN_OBJC_IMPLICIT_RETAIN_SELF = YES;
				CLANG_WARN_OBJC_LITERAL_CONVERSION = YES;
				CLANG_WARN_OBJC_ROOT_CLASS = YES_ERROR;
				CLANG_WARN_QUOTED_INCLUDE_IN_FRAMEWORK_HEADER = YES;
				CLANG_WARN_RANGE_LOOP_ANALYSIS = YES;
				CLANG_WARN_STRICT_PROTOTYPES = YES;
				CLANG_WARN_SUSPICIOUS_MOVE = YES;
				CLANG_WARN_UNGUARDED_AVAILABILITY = YES_AGGRESSIVE;
				CLANG_WARN_UNREACHABLE_CODE = YES;
				CLANG_WARN__DUPLICATE_METHOD_MATCH = YES;
				COPY_PHASE_STRIP = NO;
				DEBUG_INFORMATION_FORMAT = "dwarf-with-dsym";
				ENABLE_NS_ASSERTIONS = NO;
				ENABLE_STRICT_OBJC_MSGSEND = YES;
				ENABLE_USER_SCRIPT_SANDBOXING = YES;
				GCC_C_LANGUAGE_STANDARD = gnu17;
				GCC_NO_COMMON_BLOCKS = YES;
				GCC_WARN_64_TO_32_BIT_CONVERSION = YES;
				GCC_WARN_ABOUT_RETURN_TYPE = YES_ERROR;
				GCC_WARN_UNDECLARED_SELECTOR = YES;
				GCC_WARN_UNINITIALIZED_AUTOS = YES_AGGRESSIVE;
				GCC_WARN_UNUSED_FUNCTION = YES;
				GCC_WARN_UNUSED_VARIABLE = YES;
				IPHONEOS_DEPLOYMENT_TARGET = 18.2;
				LOCALIZATION_PREFERS_STRING_CATALOGS = YES;
				MTL_ENABLE_DEBUG_INFO = NO;
				MTL_FAST_MATH = YES;
				SDKROOT = iphoneos;
				SWIFT_COMPILATION_MODE = wholemodule;
				VALIDATE_PRODUCT = YES;
			};
			name = Release;
		};
		88DABEE02E12C79A00A8724D /* Debug */ = {
			isa = XCBuildConfiguration;
			buildSettings = {
				ASSETCATALOG_COMPILER_APPICON_NAME = AppIcon;
				ASSETCATALOG_COMPILER_GLOBAL_ACCENT_COLOR_NAME = AccentColor;
				CODE_SIGN_STYLE = Automatic;
				CURRENT_PROJECT_VERSION = 1;
				DEVELOPMENT_ASSET_PATHS = "\"today_salary/Preview Content\"";
				ENABLE_PREVIEWS = YES;
				GENERATE_INFOPLIST_FILE = YES;
				INFOPLIST_KEY_UIApplicationSceneManifest_Generation = YES;
				INFOPLIST_KEY_UIApplicationSupportsIndirectInputEvents = YES;
				INFOPLIST_KEY_UILaunchScreen_Generation = YES;
				INFOPLIST_KEY_UISupportedInterfaceOrientations_iPad = "UIInterfaceOrientationPortrait UIInterfaceOrientationPortraitUpsideDown UIInterfaceOrientationLandscapeLeft UIInterfaceOrientationLandscapeRight";
				INFOPLIST_KEY_UISupportedInterfaceOrientations_iPhone = "UIInterfaceOrientationPortrait UIInterfaceOrientationLandscapeLeft UIInterfaceOrientationLandscapeRight";
				LD_RUNPATH_SEARCH_PATHS = (
					"$(inherited)",
					"@executable_path/Frameworks",
				);
				MARKETING_VERSION = 1.0;
				PRODUCT_BUNDLE_IDENTIFIER = "yuanchaodu.today-salary";
				PRODUCT_NAME = "$(TARGET_NAME)";
				SWIFT_EMIT_LOC_STRINGS = YES;
				SWIFT_VERSION = 5.0;
				TARGETED_DEVICE_FAMILY = "1,2";
			};
			name = Debug;
		};
		88DABEE12E12C79A00A8724D /* Release */ = {
			isa = XCBuildConfiguration;
			buildSettings = {
				ASSETCATALOG_COMPILER_APPICON_NAME = AppIcon;
				ASSETCATALOG_COMPILER_GLOBAL_ACCENT_COLOR_NAME = AccentColor;
				CODE_SIGN_STYLE = Automatic;
				CURRENT_PROJECT_VERSION = 1;
				DEVELOPMENT_ASSET_PATHS = "\"today_salary/Preview Content\"";
				ENABLE_PREVIEWS = YES;
				GENERATE_INFOPLIST_FILE = YES;
				INFOPLIST_KEY_UIApplicationSceneManifest_Generation = YES;
				INFOPLIST_KEY_UIApplicationSupportsIndirectInputEvents = YES;
				INFOPLIST_KEY_UILaunchScreen_Generation = YES;
				INFOPLIST_KEY_UISupportedInterfaceOrientations_iPad = "UIInterfaceOrientationPortrait UIInterfaceOrientationPortraitUpsideDown UIInterfaceOrientationLandscapeLeft UIInterfaceOrientationLandscapeRight";
				INFOPLIST_KEY_UISupportedInterfaceOrientations_iPhone = "UIInterfaceOrientationPortrait UIInterfaceOrientationLandscapeLeft UIInterfaceOrientationLandscapeRight";
				LD_RUNPATH_SEARCH_PATHS = (
					"$(inherited)",
					"@executable_path/Frameworks",
				);
				MARKETING_VERSION = 1.0;
				PRODUCT_BUNDLE_IDENTIFIER = "yuanchaodu.today-salary";
				PRODUCT_NAME = "$(TARGET_NAME)";
				SWIFT_EMIT_LOC_STRINGS = YES;
				SWIFT_VERSION = 5.0;
				TARGETED_DEVICE_FAMILY = "1,2";
			};
			name = Release;
		};
		88DABEE32E12C79A00A8724D /* Debug */ = {
			isa = XCBuildConfiguration;
			buildSettings = {
				BUNDLE_LOADER = "$(TEST_HOST)";
				CODE_SIGN_STYLE = Automatic;
				CURRENT_PROJECT_VERSION = 1;
				GENERATE_INFOPLIST_FILE = YES;
				IPHONEOS_DEPLOYMENT_TARGET = 18.2;
				MARKETING_VERSION = 1.0;
				PRODUCT_BUNDLE_IDENTIFIER = "yuanchaodu.today-salaryTests";
				PRODUCT_NAME = "$(TARGET_NAME)";
				SWIFT_EMIT_LOC_STRINGS = NO;
				SWIFT_VERSION = 5.0;
				TARGETED_DEVICE_FAMILY = "1,2";
				TEST_HOST = "$(BUILT_PRODUCTS_DIR)/today_salary.app/$(BUNDLE_EXECUTABLE_FOLDER_PATH)/today_salary";
			};
			name = Debug;
		};
		88DABEE42E12C79A00A8724D /* Release */ = {
			isa = XCBuildConfiguration;
			buildSettings = {
				BUNDLE_LOADER = "$(TEST_HOST)";
				CODE_SIGN_STYLE = Automatic;
				CURRENT_PROJECT_VERSION = 1;
				GENERATE_INFOPLIST_FILE = YES;
				IPHONEOS_DEPLOYMENT_TARGET = 18.2;
				MARKETING_VERSION = 1.0;
				PRODUCT_BUNDLE_IDENTIFIER = "yuanchaodu.today-salaryTests";
				PRODUCT_NAME = "$(TARGET_NAME)";
				SWIFT_EMIT_LOC_STRINGS = NO;
				SWIFT_VERSION = 5.0;
				TARGETED_DEVICE_FAMILY = "1,2";
				TEST_HOST = "$(BUILT_PRODUCTS_DIR)/today_salary.app/$(BUNDLE_EXECUTABLE_FOLDER_PATH)/today_salary";
			};
			name = Release;
		};
		88DABEE62E12C79A00A8724D /* Debug */ = {
			isa = XCBuildConfiguration;
			buildSettings = {
				CODE_SIGN_STYLE = Automatic;
				CURRENT_PROJECT_VERSION = 1;
				GENERATE_INFOPLIST_FILE = YES;
				MARKETING_VERSION = 1.0;
				PRODUCT_BUNDLE_IDENTIFIER = "yuanchaodu.today-salaryUITests";
				PRODUCT_NAME = "$(TARGET_NAME)";
				SWIFT_EMIT_LOC_STRINGS = NO;
				SWIFT_VERSION = 5.0;
				TARGETED_DEVICE_FAMILY = "1,2";
				TEST_TARGET_NAME = today_salary;
			};
			name = Debug;
		};
		88DABEE72E12C79A00A8724D /* Release */ = {
			isa = XCBuildConfiguration;
			buildSettings = {
				CODE_SIGN_STYLE = Automatic;
				CURRENT_PROJECT_VERSION = 1;
				GENERATE_INFOPLIST_FILE = YES;
				MARKETING_VERSION = 1.0;
				PRODUCT_BUNDLE_IDENTIFIER = "yuanchaodu.today-salaryUITests";
				PRODUCT_NAME = "$(TARGET_NAME)";
				SWIFT_EMIT_LOC_STRINGS = NO;
				SWIFT_VERSION = 5.0;
				TARGETED_DEVICE_FAMILY = "1,2";
				TEST_TARGET_NAME = today_salary;
			};
			name = Release;
		};
/* End XCBuildConfiguration section */

/* Begin XCConfigurationList section */
		88DABEB62E12C79900A8724D /* Build configuration list for PBXProject "today_salary" */ = {
			isa = XCConfigurationList;
			buildConfigurations = (
				88DABEDD2E12C79A00A8724D /* Debug */,
				88DABEDE2E12C79A00A8724D /* Release */,
			);
			defaultConfigurationIsVisible = 0;
			defaultConfigurationName = Release;
		};
		88DABEDF2E12C79A00A8724D /* Build configuration list for PBXNativeTarget "today_salary" */ = {
			isa = XCConfigurationList;
			buildConfigurations = (
				88DABEE02E12C79A00A8724D /* Debug */,
				88DABEE12E12C79A00A8724D /* Release */,
			);
			defaultConfigurationIsVisible = 0;
			defaultConfigurationName = Release;
		};
		88DABEE22E12C79A00A8724D /* Build configuration list for PBXNativeTarget "today_salaryTests" */ = {
			isa = XCConfigurationList;
			buildConfigurations = (
				88DABEE32E12C79A00A8724D /* Debug */,
				88DABEE42E12C79A00A8724D /* Release */,
			);
			defaultConfigurationIsVisible = 0;
			defaultConfigurationName = Release;
		};
		88DABEE52E12C79A00A8724D /* Build configuration list for PBXNativeTarget "today_salaryUITests" */ = {
			isa = XCConfigurationList;
			buildConfigurations = (
				88DABEE62E12C79A00A8724D /* Debug */,
				88DABEE72E12C79A00A8724D /* Release */,
			);
			defaultConfigurationIsVisible = 0;
			defaultConfigurationName = Release;
		};
/* End XCConfigurationList section */
	};
	rootObject = 88DABEB32E12C79900A8724D /* Project object */;
}
